
Microsoft Visual Studio Solution File, Format Version 12.00
# Visual Studio Version 17
VisualStudioVersion = 17.3.32819.101
MinimumVisualStudioVersion = 10.0.40219.1
Project("{FAE04EC0-301F-11D3-BF4B-00C04F79EFBC}") = "Test_Team5", "Test_Team5\Test_Team5.csproj", "{D4F570D5-AC0E-4765-8EDB-892BA126C602}"
EndProject
Global
	GlobalSection(SolutionConfigurationPlatforms) = preSolution
		Debug|Any CPU = Debug|Any CPU
		Release|Any CPU = Release|Any CPU
	EndGlobalSection
	GlobalSection(ProjectConfigurationPlatforms) = postSolution
		{D4F570D5-AC0E-4765-8EDB-892BA126C602}.Debug|Any CPU.ActiveCfg = Debug|Any CPU
		{D4F570D5-AC0E-4765-8EDB-892BA126C602}.Debug|Any CPU.Build.0 = Debug|Any CPU
		{D4F570D5-AC0E-4765-8EDB-892BA126C602}.Release|Any CPU.ActiveCfg = Release|Any CPU
		{D4F570D5-AC0E-4765-8EDB-892BA126C602}.Release|Any CPU.Build.0 = Release|Any CPU
	EndGlobalSection
	GlobalSection(SolutionProperties) = preSolution
		HideSolutionNode = FALSE
	EndGlobalSection
	GlobalSection(ExtensibilityGlobals) = postSolution
		SolutionGuid = {980CABC9-F966-46FB-B032-4F4DECBF155D}
	EndGlobalSection
EndGlobal
